
Microsoft Visual Studio Solution File, Format Version 12.00
# Visual Studio Version 17
VisualStudioVersion = 17.14.36109.1
MinimumVisualStudioVersion = 10.0.40219.1
Project("{FAE04EC0-301F-11D3-BF4B-00C04F79EFBC}") = "Exercise1_BackwardsCounter", "Exercise1_BackwardsCounter\Exercise1_BackwardsCounter.csproj", "{3A0F2422-5B77-4CFE-8201-AE9F36A0FCD2}"
EndProject
Project("{FAE04EC0-301F-11D3-BF4B-00C04F79EFBC}") = "Exercise2_MultiThreading", "Exercise2_MultiThreading\Exercise2_MultiThreading.csproj", "{81EF869F-E58B-4DE5-832D-338158AD635B}"
EndProject
Project("{FAE04EC0-301F-11D3-BF4B-00C04F79EFBC}") = "Exercise3_RestApi", "Exercise3_RestApi\Exercise3_RestApi.csproj", "{3A0E9149-7FC7-440F-A8FC-4F13B334C975}"
EndProject
Global
	GlobalSection(SolutionConfigurationPlatforms) = preSolution
		Debug|Any CPU = Debug|Any CPU
		Release|Any CPU = Release|Any CPU
	EndGlobalSection
	GlobalSection(ProjectConfigurationPlatforms) = postSolution
		{3A0F2422-5B77-4CFE-8201-AE9F36A0FCD2}.Debug|Any CPU.ActiveCfg = Debug|Any CPU
		{3A0F2422-5B77-4CFE-8201-AE9F36A0FCD2}.Debug|Any CPU.Build.0 = Debug|Any CPU
		{3A0F2422-5B77-4CFE-8201-AE9F36A0FCD2}.Release|Any CPU.ActiveCfg = Release|Any CPU
		{3A0F2422-5B77-4CFE-8201-AE9F36A0FCD2}.Release|Any CPU.Build.0 = Release|Any CPU
		{81EF869F-E58B-4DE5-832D-338158AD635B}.Debug|Any CPU.ActiveCfg = Debug|Any CPU
		{81EF869F-E58B-4DE5-832D-338158AD635B}.Debug|Any CPU.Build.0 = Debug|Any CPU
		{81EF869F-E58B-4DE5-832D-338158AD635B}.Release|Any CPU.ActiveCfg = Release|Any CPU
		{81EF869F-E58B-4DE5-832D-338158AD635B}.Release|Any CPU.Build.0 = Release|Any CPU
		{3A0E9149-7FC7-440F-A8FC-4F13B334C975}.Debug|Any CPU.ActiveCfg = Debug|Any CPU
		{3A0E9149-7FC7-440F-A8FC-4F13B334C975}.Debug|Any CPU.Build.0 = Debug|Any CPU
		{3A0E9149-7FC7-440F-A8FC-4F13B334C975}.Release|Any CPU.ActiveCfg = Release|Any CPU
		{3A0E9149-7FC7-440F-A8FC-4F13B334C975}.Release|Any CPU.Build.0 = Release|Any CPU
	EndGlobalSection
	GlobalSection(SolutionProperties) = preSolution
		HideSolutionNode = FALSE
	EndGlobalSection
	GlobalSection(ExtensibilityGlobals) = postSolution
		SolutionGuid = {2F49E82B-722F-43A3-8B26-F4768F3A3157}
	EndGlobalSection
EndGlobal
